
Microsoft Visual Studio Solution File, Format Version 12.00
# Visual Studio Version 17
VisualStudioVersion = 17.8.34330.188
MinimumVisualStudioVersion = 10.0.40219.1
Project("{FAE04EC0-301F-11D3-BF4B-00C04F79EFBC}") = "projec6", "projec6\projec6.csproj", "{AA96D53C-CD9C-48DF-BEE2-DF7B5F6B50B1}"
EndProject
Project("{FAE04EC0-301F-11D3-BF4B-00C04F79EFBC}") = "Projec6.Tests", "Projec6.Tests\Projec6.Tests.csproj", "{76C22761-0E37-4808-9D88-AD4FC1D4EB93}"
EndProject
Global
	GlobalSection(SolutionConfigurationPlatforms) = preSolution
		Debug|Any CPU = Debug|Any CPU
		Release|Any CPU = Release|Any CPU
	EndGlobalSection
	GlobalSection(ProjectConfigurationPlatforms) = postSolution
		{AA96D53C-CD9C-48DF-BEE2-DF7B5F6B50B1}.Debug|Any CPU.ActiveCfg = Debug|Any CPU
		{AA96D53C-CD9C-48DF-BEE2-DF7B5F6B50B1}.Debug|Any CPU.Build.0 = Debug|Any CPU
		{AA96D53C-CD9C-48DF-BEE2-DF7B5F6B50B1}.Release|Any CPU.ActiveCfg = Release|Any CPU
		{AA96D53C-CD9C-48DF-BEE2-DF7B5F6B50B1}.Release|Any CPU.Build.0 = Release|Any CPU
		{76C22761-0E37-4808-9D88-AD4FC1D4EB93}.Debug|Any CPU.ActiveCfg = Debug|Any CPU
		{76C22761-0E37-4808-9D88-AD4FC1D4EB93}.Debug|Any CPU.Build.0 = Debug|Any CPU
		{76C22761-0E37-4808-9D88-AD4FC1D4EB93}.Release|Any CPU.ActiveCfg = Release|Any CPU
		{76C22761-0E37-4808-9D88-AD4FC1D4EB93}.Release|Any CPU.Build.0 = Release|Any CPU
	EndGlobalSection
	GlobalSection(SolutionProperties) = preSolution
		HideSolutionNode = FALSE
	EndGlobalSection
	GlobalSection(ExtensibilityGlobals) = postSolution
		SolutionGuid = {DEACB9EE-8AD7-4B15-94B9-A46891D72BBE}
	EndGlobalSection
EndGlobal
